
Microsoft Visual Studio Solution File, Format Version 12.00
# Visual Studio Version 17
VisualStudioVersion = 17.9.34728.123
MinimumVisualStudioVersion = 10.0.40219.1
Project("{9A19103F-16F7-4668-BE54-9A1E7A4F7556}") = "Client", "Client\Client.csproj", "{213AABB1-1A37-4EEF-ABDB-EC2D787AFB6C}"
EndProject
Project("{9A19103F-16F7-4668-BE54-9A1E7A4F7556}") = "Api", "Api\Api.csproj", "{6E8471D1-DFBA-44AA-AA62-744C047B3689}"
EndProject
Project("{9A19103F-16F7-4668-BE54-9A1E7A4F7556}") = "UnitTests", "UnitTests\UnitTests.csproj", "{8CFD58A0-859F-4911-9A47-3B0ECF523A65}"
EndProject
Global
	GlobalSection(SolutionConfigurationPlatforms) = preSolution
		Debug|Any CPU = Debug|Any CPU
		Release|Any CPU = Release|Any CPU
	EndGlobalSection
	GlobalSection(ProjectConfigurationPlatforms) = postSolution
		{213AABB1-1A37-4EEF-ABDB-EC2D787AFB6C}.Debug|Any CPU.ActiveCfg = Debug|Any CPU
		{213AABB1-1A37-4EEF-ABDB-EC2D787AFB6C}.Debug|Any CPU.Build.0 = Debug|Any CPU
		{213AABB1-1A37-4EEF-ABDB-EC2D787AFB6C}.Release|Any CPU.ActiveCfg = Release|Any CPU
		{213AABB1-1A37-4EEF-ABDB-EC2D787AFB6C}.Release|Any CPU.Build.0 = Release|Any CPU
		{6E8471D1-DFBA-44AA-AA62-744C047B3689}.Debug|Any CPU.ActiveCfg = Debug|Any CPU
		{6E8471D1-DFBA-44AA-AA62-744C047B3689}.Debug|Any CPU.Build.0 = Debug|Any CPU
		{6E8471D1-DFBA-44AA-AA62-744C047B3689}.Release|Any CPU.ActiveCfg = Release|Any CPU
		{6E8471D1-DFBA-44AA-AA62-744C047B3689}.Release|Any CPU.Build.0 = Release|Any CPU
		{8CFD58A0-859F-4911-9A47-3B0ECF523A65}.Debug|Any CPU.ActiveCfg = Debug|Any CPU
		{8CFD58A0-859F-4911-9A47-3B0ECF523A65}.Debug|Any CPU.Build.0 = Debug|Any CPU
		{8CFD58A0-859F-4911-9A47-3B0ECF523A65}.Release|Any CPU.ActiveCfg = Release|Any CPU
		{8CFD58A0-859F-4911-9A47-3B0ECF523A65}.Release|Any CPU.Build.0 = Release|Any CPU
	EndGlobalSection
	GlobalSection(SolutionProperties) = preSolution
		HideSolutionNode = FALSE
	EndGlobalSection
	GlobalSection(ExtensibilityGlobals) = postSolution
		SolutionGuid = {9D08655D-2150-4500-8094-9141E9B1CDF8}
	EndGlobalSection
EndGlobal
